
Microsoft Visual Studio Solution File, Format Version 12.00
# Visual Studio Version 16
VisualStudioVersion = 25.0.1706.10
MinimumVisualStudioVersion = 10.0.40219.1
Project("{2150E333-8FDC-42A3-9474-1A3956D46DE8}") = "1-Domain", "1-Domain", "{266F90C5-257E-4BCC-977F-DC6B91602F60}"
EndProject
Project("{2150E333-8FDC-42A3-9474-1A3956D46DE8}") = "2-Infrastructure", "2-Infrastructure", "{A7376F62-CA0D-47BA-9260-E8AB6E2FB496}"
EndProject
Project("{2150E333-8FDC-42A3-9474-1A3956D46DE8}") = "3-EndPoint", "3-EndPoint", "{10F343D4-CE54-4525-8D8C-B48278FDD2D8}"
EndProject
Project("{2150E333-8FDC-42A3-9474-1A3956D46DE8}") = "1-Core", "1-Core", "{7540791E-837B-4DE6-B077-4BDFBBEE5D3C}"
EndProject
Project("{2150E333-8FDC-42A3-9474-1A3956D46DE8}") = "2-Service", "2-Service", "{44CE95CF-8199-4B79-B3A6-6AF0B8182249}"
EndProject
Project("{2150E333-8FDC-42A3-9474-1A3956D46DE8}") = "3-AppService", "3-AppService", "{A6A0C167-9111-4628-95FA-0B118C0172D2}"
EndProject
Project("{2150E333-8FDC-42A3-9474-1A3956D46DE8}") = "DataAccess", "DataAccess", "{CC7BE725-E858-4B9D-8B32-9308E780EAFD}"
EndProject
Project("{2150E333-8FDC-42A3-9474-1A3956D46DE8}") = "Repository", "Repository", "{4D56E056-5C3B-4E0D-B3CE-E2B11FBCC327}"
EndProject
Project("{2150E333-8FDC-42A3-9474-1A3956D46DE8}") = "Src", "Src", "{23C0D88A-2CEF-4D16-A31B-9E42258BC4F9}"
EndProject
Project("{FAE04EC0-301F-11D3-BF4B-00C04F79EFBC}") = "App.Domain.Core", "App.Domain.Core\App.Domain.Core.csproj", "{10E1BD94-C7DF-4CC9-8559-2FE7B90B5E7D}"
EndProject
Project("{FAE04EC0-301F-11D3-BF4B-00C04F79EFBC}") = "App.Domain.Service", "App.Domain.Service\App.Domain.Service.csproj", "{3081B751-5BC0-4FC7-BE47-FD30904A524C}"
EndProject
Project("{FAE04EC0-301F-11D3-BF4B-00C04F79EFBC}") = "App.Domain.AppService", "App.Domain.AppService\App.Domain.AppService.csproj", "{0B353A86-A93F-4845-A703-DF363EA69DCA}"
EndProject
Project("{FAE04EC0-301F-11D3-BF4B-00C04F79EFBC}") = "App.Infrastructure.DataAccess", "App.Infrastructure.DataAccess\App.Infrastructure.DataAccess.csproj", "{5619CF45-B9B9-493D-BD9E-F22824516DAC}"
EndProject
Project("{FAE04EC0-301F-11D3-BF4B-00C04F79EFBC}") = "App.Infrastructure.Repository", "Repository\App.Infrastructure.Repository.csproj", "{4DBAB00A-541B-4FE3-A50E-E0725D4ED03D}"
EndProject
Project("{2150E333-8FDC-42A3-9474-1A3956D46DE8}") = "MVC", "MVC", "{34839DF2-5849-4391-882C-F79C0EB62D66}"
EndProject
Project("{FAE04EC0-301F-11D3-BF4B-00C04F79EFBC}") = "App.EndPoint.Mvc", "App.EndPoint.Mvc\App.EndPoint.Mvc.csproj", "{2B905391-E470-4A5F-80CD-2A4E94BB5344}"
EndProject
Global
	GlobalSection(SolutionConfigurationPlatforms) = preSolution
		Debug|Any CPU = Debug|Any CPU
		Release|Any CPU = Release|Any CPU
	EndGlobalSection
	GlobalSection(ProjectConfigurationPlatforms) = postSolution
		{10E1BD94-C7DF-4CC9-8559-2FE7B90B5E7D}.Debug|Any CPU.ActiveCfg = Debug|Any CPU
		{10E1BD94-C7DF-4CC9-8559-2FE7B90B5E7D}.Debug|Any CPU.Build.0 = Debug|Any CPU
		{10E1BD94-C7DF-4CC9-8559-2FE7B90B5E7D}.Release|Any CPU.ActiveCfg = Release|Any CPU
		{10E1BD94-C7DF-4CC9-8559-2FE7B90B5E7D}.Release|Any CPU.Build.0 = Release|Any CPU
		{3081B751-5BC0-4FC7-BE47-FD30904A524C}.Debug|Any CPU.ActiveCfg = Debug|Any CPU
		{3081B751-5BC0-4FC7-BE47-FD30904A524C}.Debug|Any CPU.Build.0 = Debug|Any CPU
		{3081B751-5BC0-4FC7-BE47-FD30904A524C}.Release|Any CPU.ActiveCfg = Release|Any CPU
		{3081B751-5BC0-4FC7-BE47-FD30904A524C}.Release|Any CPU.Build.0 = Release|Any CPU
		{0B353A86-A93F-4845-A703-DF363EA69DCA}.Debug|Any CPU.ActiveCfg = Debug|Any CPU
		{0B353A86-A93F-4845-A703-DF363EA69DCA}.Debug|Any CPU.Build.0 = Debug|Any CPU
		{0B353A86-A93F-4845-A703-DF363EA69DCA}.Release|Any CPU.ActiveCfg = Release|Any CPU
		{0B353A86-A93F-4845-A703-DF363EA69DCA}.Release|Any CPU.Build.0 = Release|Any CPU
		{5619CF45-B9B9-493D-BD9E-F22824516DAC}.Debug|Any CPU.ActiveCfg = Debug|Any CPU
		{5619CF45-B9B9-493D-BD9E-F22824516DAC}.Debug|Any CPU.Build.0 = Debug|Any CPU
		{5619CF45-B9B9-493D-BD9E-F22824516DAC}.Release|Any CPU.ActiveCfg = Release|Any CPU
		{5619CF45-B9B9-493D-BD9E-F22824516DAC}.Release|Any CPU.Build.0 = Release|Any CPU
		{4DBAB00A-541B-4FE3-A50E-E0725D4ED03D}.Debug|Any CPU.ActiveCfg = Debug|Any CPU
		{4DBAB00A-541B-4FE3-A50E-E0725D4ED03D}.Debug|Any CPU.Build.0 = Debug|Any CPU
		{4DBAB00A-541B-4FE3-A50E-E0725D4ED03D}.Release|Any CPU.ActiveCfg = Release|Any CPU
		{4DBAB00A-541B-4FE3-A50E-E0725D4ED03D}.Release|Any CPU.Build.0 = Release|Any CPU
		{2B905391-E470-4A5F-80CD-2A4E94BB5344}.Debug|Any CPU.ActiveCfg = Debug|Any CPU
		{2B905391-E470-4A5F-80CD-2A4E94BB5344}.Debug|Any CPU.Build.0 = Debug|Any CPU
		{2B905391-E470-4A5F-80CD-2A4E94BB5344}.Release|Any CPU.ActiveCfg = Release|Any CPU
		{2B905391-E470-4A5F-80CD-2A4E94BB5344}.Release|Any CPU.Build.0 = Release|Any CPU
	EndGlobalSection
	GlobalSection(SolutionProperties) = preSolution
		HideSolutionNode = FALSE
	EndGlobalSection
	GlobalSection(ExtensibilityGlobals) = postSolution
		SolutionGuid = {60CE8333-74C0-4B11-935C-57F45DB600D4}
	EndGlobalSection
	GlobalSection(NestedProjects) = preSolution
		{7540791E-837B-4DE6-B077-4BDFBBEE5D3C} = {266F90C5-257E-4BCC-977F-DC6B91602F60}
		{44CE95CF-8199-4B79-B3A6-6AF0B8182249} = {266F90C5-257E-4BCC-977F-DC6B91602F60}
		{A6A0C167-9111-4628-95FA-0B118C0172D2} = {266F90C5-257E-4BCC-977F-DC6B91602F60}
		{CC7BE725-E858-4B9D-8B32-9308E780EAFD} = {A7376F62-CA0D-47BA-9260-E8AB6E2FB496}
		{4D56E056-5C3B-4E0D-B3CE-E2B11FBCC327} = {A7376F62-CA0D-47BA-9260-E8AB6E2FB496}
		{266F90C5-257E-4BCC-977F-DC6B91602F60} = {23C0D88A-2CEF-4D16-A31B-9E42258BC4F9}
		{A7376F62-CA0D-47BA-9260-E8AB6E2FB496} = {23C0D88A-2CEF-4D16-A31B-9E42258BC4F9}
		{10F343D4-CE54-4525-8D8C-B48278FDD2D8} = {23C0D88A-2CEF-4D16-A31B-9E42258BC4F9}
		{10E1BD94-C7DF-4CC9-8559-2FE7B90B5E7D} = {7540791E-837B-4DE6-B077-4BDFBBEE5D3C}
		{3081B751-5BC0-4FC7-BE47-FD30904A524C} = {44CE95CF-8199-4B79-B3A6-6AF0B8182249}
		{0B353A86-A93F-4845-A703-DF363EA69DCA} = {A6A0C167-9111-4628-95FA-0B118C0172D2}
		{5619CF45-B9B9-493D-BD9E-F22824516DAC} = {CC7BE725-E858-4B9D-8B32-9308E780EAFD}
		{4DBAB00A-541B-4FE3-A50E-E0725D4ED03D} = {4D56E056-5C3B-4E0D-B3CE-E2B11FBCC327}
		{34839DF2-5849-4391-882C-F79C0EB62D66} = {10F343D4-CE54-4525-8D8C-B48278FDD2D8}
		{2B905391-E470-4A5F-80CD-2A4E94BB5344} = {34839DF2-5849-4391-882C-F79C0EB62D66}
	EndGlobalSection
EndGlobal
